
Microsoft Visual Studio Solution File, Format Version 12.00
# Visual Studio Version 16
VisualStudioVersion = 16.0.30804.86
MinimumVisualStudioVersion = 10.0.40219.1
Project("{2150E333-8FDC-42A3-9474-1A3956D46DE8}") = "Services", "Services", "{F9DEC09B-4B9D-4310-A272-C686AFBD0934}"
EndProject
Project("{2150E333-8FDC-42A3-9474-1A3956D46DE8}") = "Catalog", "Catalog", "{48CB117F-906A-4320-9339-CD7D655B7C52}"
EndProject
Project("{9A19103F-16F7-4668-BE54-9A1E7A4F7556}") = "Catalog.API", "Services\Catalog\Catalog.API\Catalog.API.csproj", "{AD74A64B-1F58-4FF7-B37E-23FBC6FEF442}"
EndProject
Project("{E53339B2-1760-4266-BCC7-CA923CBCF16C}") = "docker-compose", "docker-compose.dcproj", "{49CC7AEE-F919-4382-BBC7-B6BBE01D2952}"
EndProject
Project("{2150E333-8FDC-42A3-9474-1A3956D46DE8}") = "Basket", "Basket", "{12507C68-ACCB-497B-8DFD-D8F8429F8208}"
EndProject
Project("{9A19103F-16F7-4668-BE54-9A1E7A4F7556}") = "Basket.API", "Services\Basket\Basket.API\Basket.API.csproj", "{ED55D397-0228-475E-930E-59D662856E3F}"
EndProject
Project("{2150E333-8FDC-42A3-9474-1A3956D46DE8}") = "Discount", "Discount", "{60473F33-4F4A-4340-B6A9-F48A0FF2B610}"
EndProject
Project("{9A19103F-16F7-4668-BE54-9A1E7A4F7556}") = "Discount.API", "Services\Discount\Discount.API\Discount.API.csproj", "{D6038D42-FBEB-43D6-9471-A36B7F51E35F}"
EndProject
Project("{FAE04EC0-301F-11D3-BF4B-00C04F79EFBC}") = "Discount.Grpc", "Services\Discount.Grpc\Discount.Grpc\Discount.Grpc.csproj", "{A564CD50-7729-47BB-BC06-94CE861E80CA}"
EndProject
Global
	GlobalSection(SolutionConfigurationPlatforms) = preSolution
		Debug|Any CPU = Debug|Any CPU
		Release|Any CPU = Release|Any CPU
	EndGlobalSection
	GlobalSection(ProjectConfigurationPlatforms) = postSolution
		{AD74A64B-1F58-4FF7-B37E-23FBC6FEF442}.Debug|Any CPU.ActiveCfg = Debug|Any CPU
		{AD74A64B-1F58-4FF7-B37E-23FBC6FEF442}.Debug|Any CPU.Build.0 = Debug|Any CPU
		{AD74A64B-1F58-4FF7-B37E-23FBC6FEF442}.Release|Any CPU.ActiveCfg = Release|Any CPU
		{AD74A64B-1F58-4FF7-B37E-23FBC6FEF442}.Release|Any CPU.Build.0 = Release|Any CPU
		{49CC7AEE-F919-4382-BBC7-B6BBE01D2952}.Debug|Any CPU.ActiveCfg = Debug|Any CPU
		{49CC7AEE-F919-4382-BBC7-B6BBE01D2952}.Debug|Any CPU.Build.0 = Debug|Any CPU
		{49CC7AEE-F919-4382-BBC7-B6BBE01D2952}.Release|Any CPU.ActiveCfg = Release|Any CPU
		{49CC7AEE-F919-4382-BBC7-B6BBE01D2952}.Release|Any CPU.Build.0 = Release|Any CPU
		{ED55D397-0228-475E-930E-59D662856E3F}.Debug|Any CPU.ActiveCfg = Debug|Any CPU
		{ED55D397-0228-475E-930E-59D662856E3F}.Debug|Any CPU.Build.0 = Debug|Any CPU
		{ED55D397-0228-475E-930E-59D662856E3F}.Release|Any CPU.ActiveCfg = Release|Any CPU
		{ED55D397-0228-475E-930E-59D662856E3F}.Release|Any CPU.Build.0 = Release|Any CPU
		{D6038D42-FBEB-43D6-9471-A36B7F51E35F}.Debug|Any CPU.ActiveCfg = Debug|Any CPU
		{D6038D42-FBEB-43D6-9471-A36B7F51E35F}.Debug|Any CPU.Build.0 = Debug|Any CPU
		{D6038D42-FBEB-43D6-9471-A36B7F51E35F}.Release|Any CPU.ActiveCfg = Release|Any CPU
		{D6038D42-FBEB-43D6-9471-A36B7F51E35F}.Release|Any CPU.Build.0 = Release|Any CPU
		{A564CD50-7729-47BB-BC06-94CE861E80CA}.Debug|Any CPU.ActiveCfg = Debug|Any CPU
		{A564CD50-7729-47BB-BC06-94CE861E80CA}.Debug|Any CPU.Build.0 = Debug|Any CPU
		{A564CD50-7729-47BB-BC06-94CE861E80CA}.Release|Any CPU.ActiveCfg = Release|Any CPU
		{A564CD50-7729-47BB-BC06-94CE861E80CA}.Release|Any CPU.Build.0 = Release|Any CPU
	EndGlobalSection
	GlobalSection(SolutionProperties) = preSolution
		HideSolutionNode = FALSE
	EndGlobalSection
	GlobalSection(NestedProjects) = preSolution
		{48CB117F-906A-4320-9339-CD7D655B7C52} = {F9DEC09B-4B9D-4310-A272-C686AFBD0934}
		{AD74A64B-1F58-4FF7-B37E-23FBC6FEF442} = {48CB117F-906A-4320-9339-CD7D655B7C52}
		{12507C68-ACCB-497B-8DFD-D8F8429F8208} = {F9DEC09B-4B9D-4310-A272-C686AFBD0934}
		{ED55D397-0228-475E-930E-59D662856E3F} = {12507C68-ACCB-497B-8DFD-D8F8429F8208}
		{60473F33-4F4A-4340-B6A9-F48A0FF2B610} = {F9DEC09B-4B9D-4310-A272-C686AFBD0934}
		{D6038D42-FBEB-43D6-9471-A36B7F51E35F} = {60473F33-4F4A-4340-B6A9-F48A0FF2B610}
		{A564CD50-7729-47BB-BC06-94CE861E80CA} = {60473F33-4F4A-4340-B6A9-F48A0FF2B610}
	EndGlobalSection
	GlobalSection(ExtensibilityGlobals) = postSolution
		SolutionGuid = {0660C332-4C51-4F3B-9F2B-051EB73D422D}
	EndGlobalSection
EndGlobal
