
Microsoft Visual Studio Solution File, Format Version 12.00
# Visual Studio Version 16
VisualStudioVersion = 16.0.30804.86
MinimumVisualStudioVersion = 10.0.40219.1
Project("{2150E333-8FDC-42A3-9474-1A3956D46DE8}") = "Services", "Services", "{F9DEC09B-4B9D-4310-A272-C686AFBD0934}"
EndProject
Project("{2150E333-8FDC-42A3-9474-1A3956D46DE8}") = "Catalog", "Catalog", "{48CB117F-906A-4320-9339-CD7D655B7C52}"
EndProject
Project("{FAE04EC0-301F-11D3-BF4B-00C04F79EFBC}") = "Catalog.API", "Services\Catalog\Catalog.API\Catalog.API.csproj", "{AD74A64B-1F58-4FF7-B37E-23FBC6FEF442}"
EndProject
Global
	GlobalSection(SolutionConfigurationPlatforms) = preSolution
		Debug|Any CPU = Debug|Any CPU
		Release|Any CPU = Release|Any CPU
	EndGlobalSection
	GlobalSection(ProjectConfigurationPlatforms) = postSolution
		{AD74A64B-1F58-4FF7-B37E-23FBC6FEF442}.Debug|Any CPU.ActiveCfg = Debug|Any CPU
		{AD74A64B-1F58-4FF7-B37E-23FBC6FEF442}.Debug|Any CPU.Build.0 = Debug|Any CPU
		{AD74A64B-1F58-4FF7-B37E-23FBC6FEF442}.Release|Any CPU.ActiveCfg = Release|Any CPU
		{AD74A64B-1F58-4FF7-B37E-23FBC6FEF442}.Release|Any CPU.Build.0 = Release|Any CPU
	EndGlobalSection
	GlobalSection(SolutionProperties) = preSolution
		HideSolutionNode = FALSE
	EndGlobalSection
	GlobalSection(NestedProjects) = preSolution
		{48CB117F-906A-4320-9339-CD7D655B7C52} = {F9DEC09B-4B9D-4310-A272-C686AFBD0934}
		{AD74A64B-1F58-4FF7-B37E-23FBC6FEF442} = {48CB117F-906A-4320-9339-CD7D655B7C52}
	EndGlobalSection
	GlobalSection(ExtensibilityGlobals) = postSolution
		SolutionGuid = {0660C332-4C51-4F3B-9F2B-051EB73D422D}
	EndGlobalSection
EndGlobal
